
Microsoft Visual Studio Solution File, Format Version 12.00
# Visual Studio Version 16
VisualStudioVersion = 16.0.30011.22
MinimumVisualStudioVersion = 10.0.40219.1
Project("{FAE04EC0-301F-11D3-BF4B-00C04F79EFBC}") = "RegistrationApplication", "RegistrationApplication\RegistrationApplication.csproj", "{A6E1E18F-D602-457C-867A-79FA55F76820}"
EndProject
Global
	GlobalSection(SolutionConfigurationPlatforms) = preSolution
		Debug|Any CPU = Debug|Any CPU
		Release|Any CPU = Release|Any CPU
	EndGlobalSection
	GlobalSection(ProjectConfigurationPlatforms) = postSolution
		{A6E1E18F-D602-457C-867A-79FA55F76820}.Debug|Any CPU.ActiveCfg = Debug|Any CPU
		{A6E1E18F-D602-457C-867A-79FA55F76820}.Debug|Any CPU.Build.0 = Debug|Any CPU
		{A6E1E18F-D602-457C-867A-79FA55F76820}.Release|Any CPU.ActiveCfg = Release|Any CPU
		{A6E1E18F-D602-457C-867A-79FA55F76820}.Release|Any CPU.Build.0 = Release|Any CPU
	EndGlobalSection
	GlobalSection(SolutionProperties) = preSolution
		HideSolutionNode = FALSE
	EndGlobalSection
	GlobalSection(ExtensibilityGlobals) = postSolution
		SolutionGuid = {B207C0A8-CDE3-458E-8C75-C798CB919471}
	EndGlobalSection
EndGlobal
